
Microsoft Visual Studio Solution File, Format Version 12.00
# Visual Studio Version 17
VisualStudioVersion = 17.0.31903.59
MinimumVisualStudioVersion = 10.0.40219.1
Project("{2150E333-8FDC-42A3-9474-1A3956D46DE8}") = "src", "src", "{9C637E63-8404-473C-B861-69EE2BDC50AB}"
EndProject
Project("{FAE04EC0-301F-11D3-BF4B-00C04F79EFBC}") = "API", "src\API\API.csproj", "{55370F7C-DD26-4642-8BBD-61E2FAC26F6A}"
EndProject
Project("{2150E333-8FDC-42A3-9474-1A3956D46DE8}") = "Solution Items", "Solution Items", "{BFB6EB05-B6B7-44E9-8270-014B5DEA707F}"
	ProjectSection(SolutionItems) = preProject
		README.md = README.md
		.editorconfig = .editorconfig
		Directory.Build.props = Directory.Build.props
		docker-compose.yml = docker-compose.yml
		Makefile = Makefile
	EndProjectSection
EndProject
Project("{FAE04EC0-301F-11D3-BF4B-00C04F79EFBC}") = "Books", "src\Books\Books.csproj", "{28839FE5-325C-4AEA-A333-733EC1FBDB7F}"
EndProject
Project("{FAE04EC0-301F-11D3-BF4B-00C04F79EFBC}") = "Books.Tests", "tests\Books.Tests\Books.Tests.csproj", "{793D6022-A862-47F6-89F2-94DCBA8EE59E}"
EndProject
Project("{2150E333-8FDC-42A3-9474-1A3956D46DE8}") = "tests", "tests", "{9AC5E396-C523-4F43-A6FF-B4284039B710}"
EndProject
Project("{FAE04EC0-301F-11D3-BF4B-00C04F79EFBC}") = "Users", "src\Users\Users.csproj", "{5057B8DA-39F3-4371-A2A8-6F9E9EFC541D}"
EndProject
Project("{FAE04EC0-301F-11D3-BF4B-00C04F79EFBC}") = "Books.Contracts", "src\Books.Contracts\Books.Contracts.csproj", "{85ED07D8-25E6-4CF5-9132-E09D5DFC42D6}"
EndProject
Global
	GlobalSection(SolutionConfigurationPlatforms) = preSolution
		Debug|Any CPU = Debug|Any CPU
		Release|Any CPU = Release|Any CPU
	EndGlobalSection
	GlobalSection(SolutionProperties) = preSolution
		HideSolutionNode = FALSE
	EndGlobalSection
	GlobalSection(ProjectConfigurationPlatforms) = postSolution
		{55370F7C-DD26-4642-8BBD-61E2FAC26F6A}.Debug|Any CPU.ActiveCfg = Debug|Any CPU
		{55370F7C-DD26-4642-8BBD-61E2FAC26F6A}.Debug|Any CPU.Build.0 = Debug|Any CPU
		{55370F7C-DD26-4642-8BBD-61E2FAC26F6A}.Release|Any CPU.ActiveCfg = Release|Any CPU
		{55370F7C-DD26-4642-8BBD-61E2FAC26F6A}.Release|Any CPU.Build.0 = Release|Any CPU
		{28839FE5-325C-4AEA-A333-733EC1FBDB7F}.Debug|Any CPU.ActiveCfg = Debug|Any CPU
		{28839FE5-325C-4AEA-A333-733EC1FBDB7F}.Debug|Any CPU.Build.0 = Debug|Any CPU
		{28839FE5-325C-4AEA-A333-733EC1FBDB7F}.Release|Any CPU.ActiveCfg = Release|Any CPU
		{28839FE5-325C-4AEA-A333-733EC1FBDB7F}.Release|Any CPU.Build.0 = Release|Any CPU
		{793D6022-A862-47F6-89F2-94DCBA8EE59E}.Debug|Any CPU.ActiveCfg = Debug|Any CPU
		{793D6022-A862-47F6-89F2-94DCBA8EE59E}.Debug|Any CPU.Build.0 = Debug|Any CPU
		{793D6022-A862-47F6-89F2-94DCBA8EE59E}.Release|Any CPU.ActiveCfg = Release|Any CPU
		{793D6022-A862-47F6-89F2-94DCBA8EE59E}.Release|Any CPU.Build.0 = Release|Any CPU
		{5057B8DA-39F3-4371-A2A8-6F9E9EFC541D}.Debug|Any CPU.ActiveCfg = Debug|Any CPU
		{5057B8DA-39F3-4371-A2A8-6F9E9EFC541D}.Debug|Any CPU.Build.0 = Debug|Any CPU
		{5057B8DA-39F3-4371-A2A8-6F9E9EFC541D}.Release|Any CPU.ActiveCfg = Release|Any CPU
		{5057B8DA-39F3-4371-A2A8-6F9E9EFC541D}.Release|Any CPU.Build.0 = Release|Any CPU
		{85ED07D8-25E6-4CF5-9132-E09D5DFC42D6}.Debug|Any CPU.ActiveCfg = Debug|Any CPU
		{85ED07D8-25E6-4CF5-9132-E09D5DFC42D6}.Debug|Any CPU.Build.0 = Debug|Any CPU
		{85ED07D8-25E6-4CF5-9132-E09D5DFC42D6}.Release|Any CPU.ActiveCfg = Release|Any CPU
		{85ED07D8-25E6-4CF5-9132-E09D5DFC42D6}.Release|Any CPU.Build.0 = Release|Any CPU
	EndGlobalSection
	GlobalSection(NestedProjects) = preSolution
		{55370F7C-DD26-4642-8BBD-61E2FAC26F6A} = {9C637E63-8404-473C-B861-69EE2BDC50AB}
		{28839FE5-325C-4AEA-A333-733EC1FBDB7F} = {9C637E63-8404-473C-B861-69EE2BDC50AB}
		{793D6022-A862-47F6-89F2-94DCBA8EE59E} = {9AC5E396-C523-4F43-A6FF-B4284039B710}
		{5057B8DA-39F3-4371-A2A8-6F9E9EFC541D} = {9C637E63-8404-473C-B861-69EE2BDC50AB}
		{85ED07D8-25E6-4CF5-9132-E09D5DFC42D6} = {9C637E63-8404-473C-B861-69EE2BDC50AB}
	EndGlobalSection
EndGlobal
